
Microsoft Visual Studio Solution File, Format Version 12.00
# Visual Studio 2013
VisualStudioVersion = 12.0.21005.1
MinimumVisualStudioVersion = 10.0.40219.1
Project("{8BC9CEB8-8B4A-11D0-8D11-00A0C91BC942}") = "Project7", "Project7\Project7.vcxproj", "{67CF60FA-44DE-4C2B-B674-C3F232877E38}"
EndProject
Global
	GlobalSection(SolutionConfigurationPlatforms) = preSolution
		Debug|Win32 = Debug|Win32
		Release|Win32 = Release|Win32
	EndGlobalSection
	GlobalSection(ProjectConfigurationPlatforms) = postSolution
		{67CF60FA-44DE-4C2B-B674-C3F232877E38}.Debug|Win32.ActiveCfg = Debug|Win32
		{67CF60FA-44DE-4C2B-B674-C3F232877E38}.Debug|Win32.Build.0 = Debug|Win32
		{67CF60FA-44DE-4C2B-B674-C3F232877E38}.Release|Win32.ActiveCfg = Release|Win32
		{67CF60FA-44DE-4C2B-B674-C3F232877E38}.Release|Win32.Build.0 = Release|Win32
	EndGlobalSection
	GlobalSection(SolutionProperties) = preSolution
		HideSolutionNode = FALSE
	EndGlobalSection
EndGlobal
